// !$*UTF8*$!
{
	archiveVersion = 1;
	classes = {
	};
	objectVersion = 77;
	objects = {

/* Begin PBXContainerItemProxy section */
		920F82352EDFBB8F0037DDB7 /* PBXContainerItemProxy */ = {
			isa = PBXContainerItemProxy;
			containerPortal = 920F821E2EDFBB8E0037DDB7 /* Project object */;
			proxyType = 1;
			remoteGlobalIDString = 920F82252EDFBB8E0037DDB7;
			remoteInfo = WhitelistManager;
		};
		920F823F2EDFBB8F0037DDB7 /* PBXContainerItemProxy */ = {
			isa = PBXContainerItemProxy;
			containerPortal = 920F821E2EDFBB8E0037DDB7 /* Project object */;
			proxyType = 1;
			remoteGlobalIDString = 920F82252EDFBB8E0037DDB7;
			remoteInfo = WhitelistManager;
		};
/* End PBXContainerItemProxy section */

/* Begin PBXFileReference section */
		920F82262EDFBB8E0037DDB7 /* WhitelistManager.app */ = {isa = PBXFileReference; explicitFileType = wrapper.application; includeInIndex = 0; path = WhitelistManager.app; sourceTree = BUILT_PRODUCTS_DIR; };
		920F82342EDFBB8F0037DDB7 /* WhitelistManagerTests.xctest */ = {isa = PBXFileReference; explicitFileType = wrapper.cfbundle; includeInIndex = 0; path = WhitelistManagerTests.xctest; sourceTree = BUILT_PRODUCTS_DIR; };
		920F823E2EDFBB8F0037DDB7 /* WhitelistManagerUITests.xctest */ = {isa = PBXFileReference; explicitFileType = wrapper.cfbundle; includeInIndex = 0; path = WhitelistManagerUITests.xctest; sourceTree = BUILT_PRODUCTS_DIR; };
/* End PBXFileReference section */

/* Begin PBXFileSystemSynchronizedRootGroup section */
		920F82282EDFBB8E0037DDB7 /* WhitelistManager */ = {
			isa = PBXFileSystemSynchronizedRootGroup;
			path = WhitelistManager;
			sourceTree = "<group>";
		};
		920F82372EDFBB8F0037DDB7 /* WhitelistManagerTests */ = {
			isa = PBXFileSystemSynchronizedRootGroup;
			path = WhitelistManagerTests;
			sourceTree = "<group>";
		};
		920F82412EDFBB8F0037DDB7 /* WhitelistManagerUITests */ = {
			isa = PBXFileSystemSynchronizedRootGroup;
			path = WhitelistManagerUITests;
			sourceTree = "<group>";
		};
/* End PBXFileSystemSynchronizedRootGroup section */

/* Begin PBXFrameworksBuildPhase section */
		920F82232EDFBB8E0037DDB7 /* Frameworks */ = {
			isa = PBXFrameworksBuildPhase;
			buildActionMask = 2147483647;
			files = (
			);
			runOnlyForDeploymentPostprocessing = 0;
		};
		920F82312EDFBB8F0037DDB7 /* Frameworks */ = {
			isa = PBXFrameworksBuildPhase;
			buildActionMask = 2147483647;
			files = (
			);
			runOnlyForDeploymentPostprocessing = 0;
		};
		920F823B2EDFBB8F0037DDB7 /* Frameworks */ = {
			isa = PBXFrameworksBuildPhase;
			buildActionMask = 2147483647;
			files = (
			);
			runOnlyForDeploymentPostprocessing = 0;
		};
/* End PBXFrameworksBuildPhase section */

/* Begin PBXGroup section */
		920F821D2EDFBB8E0037DDB7 = {
			isa = PBXGroup;
			children = (
				920F82282EDFBB8E0037DDB7 /* WhitelistManager */,
				920F82372EDFBB8F0037DDB7 /* WhitelistManagerTests */,
				920F82412EDFBB8F0037DDB7 /* WhitelistManagerUITests */,
				920F82272EDFBB8E0037DDB7 /* Products */,
			);
			sourceTree = "<group>";
		};
		920F82272EDFBB8E0037DDB7 /* Products */ = {
			isa = PBXGroup;
			children = (
				920F82262EDFBB8E0037DDB7 /* WhitelistManager.app */,
				920F82342EDFBB8F0037DDB7 /* WhitelistManagerTests.xctest */,
				920F823E2EDFBB8F0037DDB7 /* WhitelistManagerUITests.xctest */,
			);
			name = Products;
			sourceTree = "<group>";
		};
/* End PBXGroup section */

/* Begin PBXNativeTarget section */
		920F82252EDFBB8E0037DDB7 /* WhitelistManager */ = {
			isa = PBXNativeTarget;
			buildConfigurationList = 920F82482EDFBB8F0037DDB7 /* Build configuration list for PBXNativeTarget "WhitelistManager" */;
			buildPhases = (
				920F82222EDFBB8E0037DDB7 /* Sources */,
				920F82232EDFBB8E0037DDB7 /* Frameworks */,
				920F82242EDFBB8E0037DDB7 /* Resources */,
			);
			buildRules = (
			);
			dependencies = (
			);
			fileSystemSynchronizedGroups = (
				920F82282EDFBB8E0037DDB7 /* WhitelistManager */,
			);
			name = WhitelistManager;
			packageProductDependencies = (
			);
			productName = WhitelistManager;
			productReference = 920F82262EDFBB8E0037DDB7 /* WhitelistManager.app */;
			productType = "com.apple.product-type.application";
		};
		920F82332EDFBB8F0037DDB7 /* WhitelistManagerTests */ = {
			isa = PBXNativeTarget;
			buildConfigurationList = 920F824B2EDFBB8F0037DDB7 /* Build configuration list for PBXNativeTarget "WhitelistManagerTests" */;
			buildPhases = (
				920F82302EDFBB8F0037DDB7 /* Sources */,
				920F82312EDFBB8F0037DDB7 /* Frameworks */,
				920F82322EDFBB8F0037DDB7 /* Resources */,
			);
			buildRules = (
			);
			dependencies = (
				920F82362EDFBB8F0037DDB7 /* PBXTargetDependency */,
			);
			fileSystemSynchronizedGroups = (
				920F82372EDFBB8F0037DDB7 /* WhitelistManagerTests */,
			);
			name = WhitelistManagerTests;
			packageProductDependencies = (
			);
			productName = WhitelistManagerTests;
			productReference = 920F82342EDFBB8F0037DDB7 /* WhitelistManagerTests.xctest */;
			productType = "com.apple.product-type.bundle.unit-test";
		};
		920F823D2EDFBB8F0037DDB7 /* WhitelistManagerUITests */ = {
			isa = PBXNativeTarget;
			buildConfigurationList = 920F824E2EDFBB8F0037DDB7 /* Build configuration list for PBXNativeTarget "WhitelistManagerUITests" */;
			buildPhases = (
				920F823A2EDFBB8F0037DDB7 /* Sources */,
				920F823B2EDFBB8F0037DDB7 /* Frameworks */,
				920F823C2EDFBB8F0037DDB7 /* Resources */,
			);
			buildRules = (
			);
			dependencies = (
				920F82402EDFBB8F0037DDB7 /* PBXTargetDependency */,
			);
			fileSystemSynchronizedGroups = (
				920F82412EDFBB8F0037DDB7 /* WhitelistManagerUITests */,
			);
			name = WhitelistManagerUITests;
			packageProductDependencies = (
			);
			productName = WhitelistManagerUITests;
			productReference = 920F823E2EDFBB8F0037DDB7 /* WhitelistManagerUITests.xctest */;
			productType = "com.apple.product-type.bundle.ui-testing";
		};
/* End PBXNativeTarget section */

/* Begin PBXProject section */
		920F821E2EDFBB8E0037DDB7 /* Project object */ = {
			isa = PBXProject;
			attributes = {
				BuildIndependentTargetsInParallel = 1;
				LastSwiftUpdateCheck = 1630;
				LastUpgradeCheck = 1630;
				TargetAttributes = {
					920F82252EDFBB8E0037DDB7 = {
						CreatedOnToolsVersion = 16.3;
					};
					920F82332EDFBB8F0037DDB7 = {
						CreatedOnToolsVersion = 16.3;
						TestTargetID = 920F82252EDFBB8E0037DDB7;
					};
					920F823D2EDFBB8F0037DDB7 = {
						CreatedOnToolsVersion = 16.3;
						TestTargetID = 920F82252EDFBB8E0037DDB7;
					};
				};
			};
			buildConfigurationList = 920F82212EDFBB8E0037DDB7 /* Build configuration list for PBXProject "WhitelistManager" */;
			developmentRegion = en;
			hasScannedForEncodings = 0;
			knownRegions = (
				en,
				Base,
			);
			mainGroup = 920F821D2EDFBB8E0037DDB7;
			minimizedProjectReferenceProxies = 1;
			preferredProjectObjectVersion = 77;
			productRefGroup = 920F82272EDFBB8E0037DDB7 /* Products */;
			projectDirPath = "";
			projectRoot = "";
			targets = (
				920F82252EDFBB8E0037DDB7 /* WhitelistManager */,
				920F82332EDFBB8F0037DDB7 /* WhitelistManagerTests */,
				920F823D2EDFBB8F0037DDB7 /* WhitelistManagerUITests */,
			);
		};
/* End PBXProject section */

/* Begin PBXResourcesBuildPhase section */
		920F82242EDFBB8E0037DDB7 /* Resources */ = {
			isa = PBXResourcesBuildPhase;
			buildActionMask = 2147483647;
			files = (
			);
			runOnlyForDeploymentPostprocessing = 0;
		};
		920F82322EDFBB8F0037DDB7 /* Resources */ = {
			isa = PBXResourcesBuildPhase;
			buildActionMask = 2147483647;
			files = (
			);
			runOnlyForDeploymentPostprocessing = 0;
		};
		920F823C2EDFBB8F0037DDB7 /* Resources */ = {
			isa = PBXResourcesBuildPhase;
			buildActionMask = 2147483647;
			files = (
			);
			runOnlyForDeploymentPostprocessing = 0;
		};
/* End PBXResourcesBuildPhase section */

/* Begin PBXSourcesBuildPhase section */
		920F82222EDFBB8E0037DDB7 /* Sources */ = {
			isa = PBXSourcesBuildPhase;
			buildActionMask = 2147483647;
			files = (
			);
			runOnlyForDeploymentPostprocessing = 0;
		};
		920F82302EDFBB8F0037DDB7 /* Sources */ = {
			isa = PBXSourcesBuildPhase;
			buildActionMask = 2147483647;
			files = (
			);
			runOnlyForDeploymentPostprocessing = 0;
		};
		920F823A2EDFBB8F0037DDB7 /* Sources */ = {
			isa = PBXSourcesBuildPhase;
			buildActionMask = 2147483647;
			files = (
			);
			runOnlyForDeploymentPostprocessing = 0;
		};
/* End PBXSourcesBuildPhase section */

/* Begin PBXTargetDependency section */
		920F82362EDFBB8F0037DDB7 /* PBXTargetDependency */ = {
			isa = PBXTargetDependency;
			target = 920F82252EDFBB8E0037DDB7 /* WhitelistManager */;
			targetProxy = 920F82352EDFBB8F0037DDB7 /* PBXContainerItemProxy */;
		};
		920F82402EDFBB8F0037DDB7 /* PBXTargetDependency */ = {
			isa = PBXTargetDependency;
			target = 920F82252EDFBB8E0037DDB7 /* WhitelistManager */;
			targetProxy = 920F823F2EDFBB8F0037DDB7 /* PBXContainerItemProxy */;
		};
/* End PBXTargetDependency section */

/* Begin XCBuildConfiguration section */
		920F82462EDFBB8F0037DDB7 /* Debug */ = {
			isa = XCBuildConfiguration;
			buildSettings = {
				ALWAYS_SEARCH_USER_PATHS = NO;
				ASSETCATALOG_COMPILER_GENERATE_SWIFT_ASSET_SYMBOL_EXTENSIONS = YES;
				CLANG_ANALYZER_NONNULL = YES;
				CLANG_ANALYZER_NUMBER_OBJECT_CONVERSION = YES_AGGRESSIVE;
				CLANG_CXX_LANGUAGE_STANDARD = "gnu++20";
				CLANG_ENABLE_MODULES = YES;
				CLANG_ENABLE_OBJC_ARC = YES;
				CLANG_ENABLE_OBJC_WEAK = YES;
				CLANG_WARN_BLOCK_CAPTURE_AUTORELEASING = YES;
				CLANG_WARN_BOOL_CONVERSION = YES;
				CLANG_WARN_COMMA = YES;
				CLANG_WARN_CONSTANT_CONVERSION = YES;
				CLANG_WARN_DEPRECATED_OBJC_IMPLEMENTATIONS = YES;
				CLANG_WARN_DIRECT_OBJC_ISA_USAGE = YES_ERROR;
				CLANG_WARN_DOCUMENTATION_COMMENTS = YES;
				CLANG_WARN_EMPTY_BODY = YES;
				CLANG_WARN_ENUM_CONVERSION = YES;
				CLANG_WARN_INFINITE_RECURSION = YES;
				CLANG_WARN_INT_CONVERSION = YES;
				CLANG_WARN_NON_LITERAL_NULL_CONVERSION = YES;
				CLANG_WARN_OBJC_IMPLICIT_RETAIN_SELF = YES;
				CLANG_WARN_OBJC_LITERAL_CONVERSION = YES;
				CLANG_WARN_OBJC_ROOT_CLASS = YES_ERROR;
				CLANG_WARN_QUOTED_INCLUDE_IN_FRAMEWORK_HEADER = YES;
				CLANG_WARN_RANGE_LOOP_ANALYSIS = YES;
				CLANG_WARN_STRICT_PROTOTYPES = YES;
				CLANG_WARN_SUSPICIOUS_MOVE = YES;
				CLANG_WARN_UNGUARDED_AVAILABILITY = YES_AGGRESSIVE;
				CLANG_WARN_UNREACHABLE_CODE = YES;
				CLANG_WARN__DUPLICATE_METHOD_MATCH = YES;
				COPY_PHASE_STRIP = NO;
				DEBUG_INFORMATION_FORMAT = dwarf;
				ENABLE_STRICT_OBJC_MSGSEND = YES;
				ENABLE_TESTABILITY = YES;
				ENABLE_USER_SCRIPT_SANDBOXING = YES;
				GCC_C_LANGUAGE_STANDARD = gnu17;
				GCC_DYNAMIC_NO_PIC = NO;
				GCC_NO_COMMON_BLOCKS = YES;
				GCC_OPTIMIZATION_LEVEL = 0;
				GCC_PREPROCESSOR_DEFINITIONS = (
					"DEBUG=1",
					"$(inherited)",
				);
				GCC_WARN_64_TO_32_BIT_CONVERSION = YES;
				GCC_WARN_ABOUT_RETURN_TYPE = YES_ERROR;
				GCC_WARN_UNDECLARED_SELECTOR = YES;
				GCC_WARN_UNINITIALIZED_AUTOS = YES_AGGRESSIVE;
				GCC_WARN_UNUSED_FUNCTION = YES;
				GCC_WARN_UNUSED_VARIABLE = YES;
				LOCALIZATION_PREFERS_STRING_CATALOGS = YES;
				MACOSX_DEPLOYMENT_TARGET = 15.4;
				MTL_ENABLE_DEBUG_INFO = INCLUDE_SOURCE;
				MTL_FAST_MATH = YES;
				ONLY_ACTIVE_ARCH = YES;
				SDKROOT = macosx;
				SWIFT_ACTIVE_COMPILATION_CONDITIONS = "DEBUG $(inherited)";
				SWIFT_OPTIMIZATION_LEVEL = "-Onone";
			};
			name = Debug;
		};
		920F82472EDFBB8F0037DDB7 /* Release */ = {
			isa = XCBuildConfiguration;
			buildSettings = {
				ALWAYS_SEARCH_USER_PATHS = NO;
				ASSETCATALOG_COMPILER_GENERATE_SWIFT_ASSET_SYMBOL_EXTENSIONS = YES;
				CLANG_ANALYZER_NONNULL = YES;
				CLANG_ANALYZER_NUMBER_OBJECT_CONVERSION = YES_AGGRESSIVE;
				CLANG_CXX_LANGUAGE_STANDARD = "gnu++20";
				CLANG_ENABLE_MODULES = YES;
				CLANG_ENABLE_OBJC_ARC = YES;
				CLANG_ENABLE_OBJC_WEAK = YES;
				CLANG_WARN_BLOCK_CAPTURE_AUTORELEASING = YES;
				CLANG_WARN_BOOL_CONVERSION = YES;
				CLANG_WARN_COMMA = YES;
				CLANG_WARN_CONSTANT_CONVERSION = YES;
				CLANG_WARN_DEPRECATED_OBJC_IMPLEMENTATIONS = YES;
				CLANG_WARN_DIRECT_OBJC_ISA_USAGE = YES_ERROR;
				CLANG_WARN_DOCUMENTATION_COMMENTS = YES;
				CLANG_WARN_EMPTY_BODY = YES;
				CLANG_WARN_ENUM_CONVERSION = YES;
				CLANG_WARN_INFINITE_RECURSION = YES;
				CLANG_WARN_INT_CONVERSION = YES;
				CLANG_WARN_NON_LITERAL_NULL_CONVERSION = YES;
				CLANG_WARN_OBJC_IMPLICIT_RETAIN_SELF = YES;
				CLANG_WARN_OBJC_LITERAL_CONVERSION = YES;
				CLANG_WARN_OBJC_ROOT_CLASS = YES_ERROR;
				CLANG_WARN_QUOTED_INCLUDE_IN_FRAMEWORK_HEADER = YES;
				CLANG_WARN_RANGE_LOOP_ANALYSIS = YES;
				CLANG_WARN_STRICT_PROTOTYPES = YES;
				CLANG_WARN_SUSPICIOUS_MOVE = YES;
				CLANG_WARN_UNGUARDED_AVAILABILITY = YES_AGGRESSIVE;
				CLANG_WARN_UNREACHABLE_CODE = YES;
				CLANG_WARN__DUPLICATE_METHOD_MATCH = YES;
				COPY_PHASE_STRIP = NO;
				DEBUG_INFORMATION_FORMAT = "dwarf-with-dsym";
				ENABLE_NS_ASSERTIONS = NO;
				ENABLE_STRICT_OBJC_MSGSEND = YES;
				ENABLE_USER_SCRIPT_SANDBOXING = YES;
				GCC_C_LANGUAGE_STANDARD = gnu17;
				GCC_NO_COMMON_BLOCKS = YES;
				GCC_WARN_64_TO_32_BIT_CONVERSION = YES;
				GCC_WARN_ABOUT_RETURN_TYPE = YES_ERROR;
				GCC_WARN_UNDECLARED_SELECTOR = YES;
				GCC_WARN_UNINITIALIZED_AUTOS = YES_AGGRESSIVE;
				GCC_WARN_UNUSED_FUNCTION = YES;
				GCC_WARN_UNUSED_VARIABLE = YES;
				LOCALIZATION_PREFERS_STRING_CATALOGS = YES;
				MACOSX_DEPLOYMENT_TARGET = 15.4;
				MTL_ENABLE_DEBUG_INFO = NO;
				MTL_FAST_MATH = YES;
				SDKROOT = macosx;
				SWIFT_COMPILATION_MODE = wholemodule;
			};
			name = Release;
		};
		920F82492EDFBB8F0037DDB7 /* Debug */ = {
			isa = XCBuildConfiguration;
			buildSettings = {
				ASSETCATALOG_COMPILER_APPICON_NAME = AppIcon;
				ASSETCATALOG_COMPILER_GLOBAL_ACCENT_COLOR_NAME = AccentColor;
				CODE_SIGN_ENTITLEMENTS = WhitelistManager/WhitelistManager.entitlements;
				CODE_SIGN_STYLE = Automatic;
				COMBINE_HIDPI_IMAGES = YES;
				CURRENT_PROJECT_VERSION = 1;
				ENABLE_PREVIEWS = YES;
				GENERATE_INFOPLIST_FILE = YES;
				INFOPLIST_KEY_NSHumanReadableCopyright = "";
				LD_RUNPATH_SEARCH_PATHS = (
					"$(inherited)",
					"@executable_path/../Frameworks",
				);
				MARKETING_VERSION = 1.0;
				PRODUCT_BUNDLE_IDENTIFIER = com.arendsee.WhitelistManager;
				PRODUCT_NAME = "$(TARGET_NAME)";
				REGISTER_APP_GROUPS = YES;
				SWIFT_EMIT_LOC_STRINGS = YES;
				SWIFT_VERSION = 5.0;
			};
			name = Debug;
		};
		920F824A2EDFBB8F0037DDB7 /* Release */ = {
			isa = XCBuildConfiguration;
			buildSettings = {
				ASSETCATALOG_COMPILER_APPICON_NAME = AppIcon;
				ASSETCATALOG_COMPILER_GLOBAL_ACCENT_COLOR_NAME = AccentColor;
				CODE_SIGN_ENTITLEMENTS = WhitelistManager/WhitelistManager.entitlements;
				CODE_SIGN_STYLE = Automatic;
				COMBINE_HIDPI_IMAGES = YES;
				CURRENT_PROJECT_VERSION = 1;
				ENABLE_PREVIEWS = YES;
				GENERATE_INFOPLIST_FILE = YES;
				INFOPLIST_KEY_NSHumanReadableCopyright = "";
				LD_RUNPATH_SEARCH_PATHS = (
					"$(inherited)",
					"@executable_path/../Frameworks",
				);
				MARKETING_VERSION = 1.0;
				PRODUCT_BUNDLE_IDENTIFIER = com.arendsee.WhitelistManager;
				PRODUCT_NAME = "$(TARGET_NAME)";
				REGISTER_APP_GROUPS = YES;
				SWIFT_EMIT_LOC_STRINGS = YES;
				SWIFT_VERSION = 5.0;
			};
			name = Release;
		};
		920F824C2EDFBB8F0037DDB7 /* Debug */ = {
			isa = XCBuildConfiguration;
			buildSettings = {
				BUNDLE_LOADER = "$(TEST_HOST)";
				CODE_SIGN_STYLE = Automatic;
				CURRENT_PROJECT_VERSION = 1;
				GENERATE_INFOPLIST_FILE = YES;
				MACOSX_DEPLOYMENT_TARGET = 15.4;
				MARKETING_VERSION = 1.0;
				PRODUCT_BUNDLE_IDENTIFIER = com.arendsee.WhitelistManagerTests;
				PRODUCT_NAME = "$(TARGET_NAME)";
				SWIFT_EMIT_LOC_STRINGS = NO;
				SWIFT_VERSION = 5.0;
				TEST_HOST = "$(BUILT_PRODUCTS_DIR)/WhitelistManager.app/$(BUNDLE_EXECUTABLE_FOLDER_PATH)/WhitelistManager";
			};
			name = Debug;
		};
		920F824D2EDFBB8F0037DDB7 /* Release */ = {
			isa = XCBuildConfiguration;
			buildSettings = {
				BUNDLE_LOADER = "$(TEST_HOST)";
				CODE_SIGN_STYLE = Automatic;
				CURRENT_PROJECT_VERSION = 1;
				GENERATE_INFOPLIST_FILE = YES;
				MACOSX_DEPLOYMENT_TARGET = 15.4;
				MARKETING_VERSION = 1.0;
				PRODUCT_BUNDLE_IDENTIFIER = com.arendsee.WhitelistManagerTests;
				PRODUCT_NAME = "$(TARGET_NAME)";
				SWIFT_EMIT_LOC_STRINGS = NO;
				SWIFT_VERSION = 5.0;
				TEST_HOST = "$(BUILT_PRODUCTS_DIR)/WhitelistManager.app/$(BUNDLE_EXECUTABLE_FOLDER_PATH)/WhitelistManager";
			};
			name = Release;
		};
		920F824F2EDFBB8F0037DDB7 /* Debug */ = {
			isa = XCBuildConfiguration;
			buildSettings = {
				CODE_SIGN_STYLE = Automatic;
				CURRENT_PROJECT_VERSION = 1;
				GENERATE_INFOPLIST_FILE = YES;
				MARKETING_VERSION = 1.0;
				PRODUCT_BUNDLE_IDENTIFIER = com.arendsee.WhitelistManagerUITests;
				PRODUCT_NAME = "$(TARGET_NAME)";
				SWIFT_EMIT_LOC_STRINGS = NO;
				SWIFT_VERSION = 5.0;
				TEST_TARGET_NAME = WhitelistManager;
			};
			name = Debug;
		};
		920F82502EDFBB8F0037DDB7 /* Release */ = {
			isa = XCBuildConfiguration;
			buildSettings = {
				CODE_SIGN_STYLE = Automatic;
				CURRENT_PROJECT_VERSION = 1;
				GENERATE_INFOPLIST_FILE = YES;
				MARKETING_VERSION = 1.0;
				PRODUCT_BUNDLE_IDENTIFIER = com.arendsee.WhitelistManagerUITests;
				PRODUCT_NAME = "$(TARGET_NAME)";
				SWIFT_EMIT_LOC_STRINGS = NO;
				SWIFT_VERSION = 5.0;
				TEST_TARGET_NAME = WhitelistManager;
			};
			name = Release;
		};
/* End XCBuildConfiguration section */

/* Begin XCConfigurationList section */
		920F82212EDFBB8E0037DDB7 /* Build configuration list for PBXProject "WhitelistManager" */ = {
			isa = XCConfigurationList;
			buildConfigurations = (
				920F82462EDFBB8F0037DDB7 /* Debug */,
				920F82472EDFBB8F0037DDB7 /* Release */,
			);
			defaultConfigurationIsVisible = 0;
			defaultConfigurationName = Release;
		};
		920F82482EDFBB8F0037DDB7 /* Build configuration list for PBXNativeTarget "WhitelistManager" */ = {
			isa = XCConfigurationList;
			buildConfigurations = (
				920F82492EDFBB8F0037DDB7 /* Debug */,
				920F824A2EDFBB8F0037DDB7 /* Release */,
			);
			defaultConfigurationIsVisible = 0;
			defaultConfigurationName = Release;
		};
		920F824B2EDFBB8F0037DDB7 /* Build configuration list for PBXNativeTarget "WhitelistManagerTests" */ = {
			isa = XCConfigurationList;
			buildConfigurations = (
				920F824C2EDFBB8F0037DDB7 /* Debug */,
				920F824D2EDFBB8F0037DDB7 /* Release */,
			);
			defaultConfigurationIsVisible = 0;
			defaultConfigurationName = Release;
		};
		920F824E2EDFBB8F0037DDB7 /* Build configuration list for PBXNativeTarget "WhitelistManagerUITests" */ = {
			isa = XCConfigurationList;
			buildConfigurations = (
				920F824F2EDFBB8F0037DDB7 /* Debug */,
				920F82502EDFBB8F0037DDB7 /* Release */,
			);
			defaultConfigurationIsVisible = 0;
			defaultConfigurationName = Release;
		};
/* End XCConfigurationList section */
	};
	rootObject = 920F821E2EDFBB8E0037DDB7 /* Project object */;
}
